
Microsoft Visual Studio Solution File, Format Version 12.00
# Visual Studio 15
VisualStudioVersion = 15.0.26730.12
MinimumVisualStudioVersion = 10.0.40219.1
Project("{FAE04EC0-301F-11D3-BF4B-00C04F79EFBC}") = "Total Commander", "Total Commander\Total Commander.csproj", "{42D991A7-6A67-488E-B3B9-A4D1B10DDD75}"
EndProject
Global
	GlobalSection(SolutionConfigurationPlatforms) = preSolution
		Debug|Any CPU = Debug|Any CPU
		Release|Any CPU = Release|Any CPU
	EndGlobalSection
	GlobalSection(ProjectConfigurationPlatforms) = postSolution
		{42D991A7-6A67-488E-B3B9-A4D1B10DDD75}.Debug|Any CPU.ActiveCfg = Debug|Any CPU
		{42D991A7-6A67-488E-B3B9-A4D1B10DDD75}.Debug|Any CPU.Build.0 = Debug|Any CPU
		{42D991A7-6A67-488E-B3B9-A4D1B10DDD75}.Release|Any CPU.ActiveCfg = Release|Any CPU
		{42D991A7-6A67-488E-B3B9-A4D1B10DDD75}.Release|Any CPU.Build.0 = Release|Any CPU
	EndGlobalSection
	GlobalSection(SolutionProperties) = preSolution
		HideSolutionNode = FALSE
	EndGlobalSection
	GlobalSection(ExtensibilityGlobals) = postSolution
		SolutionGuid = {2B9EB8A5-0D01-495D-84A6-0BF22F1AD498}
	EndGlobalSection
EndGlobal
